
Microsoft Visual Studio Solution File, Format Version 12.00
# Visual Studio Version 17
VisualStudioVersion = 17.10.35013.160
MinimumVisualStudioVersion = 10.0.40219.1
Project("{9A19103F-16F7-4668-BE54-9A1E7A4F7556}") = "Study_ASPNET_Core", "Study_ASPNET_Core\Study_ASPNET_Core.csproj", "{A8C3BA62-FC84-41B8-8430-4D529B0B9ECD}"
EndProject
Project("{FAE04EC0-301F-11D3-BF4B-00C04F79EFBC}") = "IOManagerBLL", "IOManagerBLL\IOManagerBLL.csproj", "{54A577CE-6119-4BAB-9817-C5AC41719D0D}"
EndProject
Project("{FAE04EC0-301F-11D3-BF4B-00C04F79EFBC}") = "TestProject", "TestProject\TestProject.csproj", "{9CC1F5AC-D66A-4132-83C9-566F4080DAFD}"
EndProject
Global
	GlobalSection(SolutionConfigurationPlatforms) = preSolution
		Debug|Any CPU = Debug|Any CPU
		Release|Any CPU = Release|Any CPU
	EndGlobalSection
	GlobalSection(ProjectConfigurationPlatforms) = postSolution
		{A8C3BA62-FC84-41B8-8430-4D529B0B9ECD}.Debug|Any CPU.ActiveCfg = Debug|Any CPU
		{A8C3BA62-FC84-41B8-8430-4D529B0B9ECD}.Debug|Any CPU.Build.0 = Debug|Any CPU
		{A8C3BA62-FC84-41B8-8430-4D529B0B9ECD}.Release|Any CPU.ActiveCfg = Release|Any CPU
		{A8C3BA62-FC84-41B8-8430-4D529B0B9ECD}.Release|Any CPU.Build.0 = Release|Any CPU
		{54A577CE-6119-4BAB-9817-C5AC41719D0D}.Debug|Any CPU.ActiveCfg = Debug|Any CPU
		{54A577CE-6119-4BAB-9817-C5AC41719D0D}.Debug|Any CPU.Build.0 = Debug|Any CPU
		{54A577CE-6119-4BAB-9817-C5AC41719D0D}.Release|Any CPU.ActiveCfg = Release|Any CPU
		{54A577CE-6119-4BAB-9817-C5AC41719D0D}.Release|Any CPU.Build.0 = Release|Any CPU
		{9CC1F5AC-D66A-4132-83C9-566F4080DAFD}.Debug|Any CPU.ActiveCfg = Debug|Any CPU
		{9CC1F5AC-D66A-4132-83C9-566F4080DAFD}.Debug|Any CPU.Build.0 = Debug|Any CPU
		{9CC1F5AC-D66A-4132-83C9-566F4080DAFD}.Release|Any CPU.ActiveCfg = Release|Any CPU
		{9CC1F5AC-D66A-4132-83C9-566F4080DAFD}.Release|Any CPU.Build.0 = Release|Any CPU
	EndGlobalSection
	GlobalSection(SolutionProperties) = preSolution
		HideSolutionNode = FALSE
	EndGlobalSection
	GlobalSection(ExtensibilityGlobals) = postSolution
		SolutionGuid = {C834026A-C28B-42F4-8116-3EA4538BEAD6}
	EndGlobalSection
EndGlobal
